
Microsoft Visual Studio Solution File, Format Version 12.00
# Visual Studio Version 16
VisualStudioVersion = 16.0.32126.315
MinimumVisualStudioVersion = 10.0.40219.1
Project("{FAE04EC0-301F-11D3-BF4B-00C04F79EFBC}") = "SelfGym-Servidor", "SelfGym-Servidor\SelfGym-Servidor.csproj", "{CD47DE12-0FC6-48AB-B740-A2FE7C9D9C0C}"
EndProject
Global
	GlobalSection(SolutionConfigurationPlatforms) = preSolution
		Debug|Any CPU = Debug|Any CPU
		Release|Any CPU = Release|Any CPU
	EndGlobalSection
	GlobalSection(ProjectConfigurationPlatforms) = postSolution
		{CD47DE12-0FC6-48AB-B740-A2FE7C9D9C0C}.Debug|Any CPU.ActiveCfg = Debug|Any CPU
		{CD47DE12-0FC6-48AB-B740-A2FE7C9D9C0C}.Debug|Any CPU.Build.0 = Debug|Any CPU
		{CD47DE12-0FC6-48AB-B740-A2FE7C9D9C0C}.Release|Any CPU.ActiveCfg = Release|Any CPU
		{CD47DE12-0FC6-48AB-B740-A2FE7C9D9C0C}.Release|Any CPU.Build.0 = Release|Any CPU
	EndGlobalSection
	GlobalSection(SolutionProperties) = preSolution
		HideSolutionNode = FALSE
	EndGlobalSection
	GlobalSection(ExtensibilityGlobals) = postSolution
		SolutionGuid = {11E960AC-D20B-4419-9A6E-C6E211EC03EA}
	EndGlobalSection
EndGlobal
